// !$*UTF8*$!
{
	archiveVersion = 1;
	classes = {
	};
	objectVersion = 56;
	objects = {

/* Begin PBXBuildFile section */
		BA1399D129237F0D000DBA75 /* AppDelegate.swift in Sources */ = {isa = PBXBuildFile; fileRef = BA1399D029237F0D000DBA75 /* AppDelegate.swift */; };
		BA1399D329237F0D000DBA75 /* SceneDelegate.swift in Sources */ = {isa = PBXBuildFile; fileRef = BA1399D229237F0D000DBA75 /* SceneDelegate.swift */; };
		BA1399D529237F0D000DBA75 /* LoginController.swift in Sources */ = {isa = PBXBuildFile; fileRef = BA1399D429237F0D000DBA75 /* LoginController.swift */; };
		BA1399D829237F0D000DBA75 /* Main.storyboard in Resources */ = {isa = PBXBuildFile; fileRef = BA1399D629237F0D000DBA75 /* Main.storyboard */; };
		BA1399DA29237F0F000DBA75 /* Assets.xcassets in Resources */ = {isa = PBXBuildFile; fileRef = BA1399D929237F0F000DBA75 /* Assets.xcassets */; };
		BA1399DD29237F0F000DBA75 /* LaunchScreen.storyboard in Resources */ = {isa = PBXBuildFile; fileRef = BA1399DB29237F0F000DBA75 /* LaunchScreen.storyboard */; };
		BA1399E52923800F000DBA75 /* hintergrund.jpeg in Resources */ = {isa = PBXBuildFile; fileRef = BA1399E42923800F000DBA75 /* hintergrund.jpeg */; };
		BA9297812927C056006D0C6C /* GarnelenViewController.swift in Sources */ = {isa = PBXBuildFile; fileRef = BA9297802927C056006D0C6C /* GarnelenViewController.swift */; };
		BAE2CE2F29279CFF0002E86F /* RegestrierViewController.swift in Sources */ = {isa = PBXBuildFile; fileRef = BAE2CE2E29279CFF0002E86F /* RegestrierViewController.swift */; };
		BAE2CE312927A3BC0002E86F /* ProfilViewController.swift in Sources */ = {isa = PBXBuildFile; fileRef = BAE2CE302927A3BC0002E86F /* ProfilViewController.swift */; };
/* End PBXBuildFile section */

/* Begin PBXFileReference section */
		BA1399CD29237F0D000DBA75 /* Garnelen&Co.app */ = {isa = PBXFileReference; explicitFileType = wrapper.application; includeInIndex = 0; path = "Garnelen&Co.app"; sourceTree = BUILT_PRODUCTS_DIR; };
		BA1399D029237F0D000DBA75 /* AppDelegate.swift */ = {isa = PBXFileReference; lastKnownFileType = sourcecode.swift; path = AppDelegate.swift; sourceTree = "<group>"; };
		BA1399D229237F0D000DBA75 /* SceneDelegate.swift */ = {isa = PBXFileReference; lastKnownFileType = sourcecode.swift; path = SceneDelegate.swift; sourceTree = "<group>"; };
		BA1399D429237F0D000DBA75 /* LoginController.swift */ = {isa = PBXFileReference; lastKnownFileType = sourcecode.swift; path = LoginController.swift; sourceTree = "<group>"; };
		BA1399D729237F0D000DBA75 /* Base */ = {isa = PBXFileReference; lastKnownFileType = file.storyboard; name = Base; path = Base.lproj/Main.storyboard; sourceTree = "<group>"; };
		BA1399D929237F0F000DBA75 /* Assets.xcassets */ = {isa = PBXFileReference; lastKnownFileType = folder.assetcatalog; path = Assets.xcassets; sourceTree = "<group>"; };
		BA1399DC29237F0F000DBA75 /* Base */ = {isa = PBXFileReference; lastKnownFileType = file.storyboard; name = Base; path = Base.lproj/LaunchScreen.storyboard; sourceTree = "<group>"; };
		BA1399DE29237F0F000DBA75 /* Info.plist */ = {isa = PBXFileReference; lastKnownFileType = text.plist.xml; path = Info.plist; sourceTree = "<group>"; };
		BA1399E42923800F000DBA75 /* hintergrund.jpeg */ = {isa = PBXFileReference; lastKnownFileType = image.jpeg; path = hintergrund.jpeg; sourceTree = "<group>"; };
		BA9297802927C056006D0C6C /* GarnelenViewController.swift */ = {isa = PBXFileReference; lastKnownFileType = sourcecode.swift; path = GarnelenViewController.swift; sourceTree = "<group>"; };
		BAE2CE2E29279CFF0002E86F /* RegestrierViewController.swift */ = {isa = PBXFileReference; lastKnownFileType = sourcecode.swift; path = RegestrierViewController.swift; sourceTree = "<group>"; };
		BAE2CE302927A3BC0002E86F /* ProfilViewController.swift */ = {isa = PBXFileReference; lastKnownFileType = sourcecode.swift; path = ProfilViewController.swift; sourceTree = "<group>"; };
/* End PBXFileReference section */

/* Begin PBXFrameworksBuildPhase section */
		BA1399CA29237F0D000DBA75 /* Frameworks */ = {
			isa = PBXFrameworksBuildPhase;
			buildActionMask = 2147483647;
			files = (
			);
			runOnlyForDeploymentPostprocessing = 0;
		};
/* End PBXFrameworksBuildPhase section */

/* Begin PBXGroup section */
		BA1399C429237F0D000DBA75 = {
			isa = PBXGroup;
			children = (
				BA1399CF29237F0D000DBA75 /* Garnelen&Co */,
				BA1399CE29237F0D000DBA75 /* Products */,
			);
			sourceTree = "<group>";
		};
		BA1399CE29237F0D000DBA75 /* Products */ = {
			isa = PBXGroup;
			children = (
				BA1399CD29237F0D000DBA75 /* Garnelen&Co.app */,
			);
			name = Products;
			sourceTree = "<group>";
		};
		BA1399CF29237F0D000DBA75 /* Garnelen&Co */ = {
			isa = PBXGroup;
			children = (
				BA1399D029237F0D000DBA75 /* AppDelegate.swift */,
				BA1399D229237F0D000DBA75 /* SceneDelegate.swift */,
				BA1399D429237F0D000DBA75 /* LoginController.swift */,
				BAE2CE2E29279CFF0002E86F /* RegestrierViewController.swift */,
				BAE2CE302927A3BC0002E86F /* ProfilViewController.swift */,
				BA9297802927C056006D0C6C /* GarnelenViewController.swift */,
				BA1399D629237F0D000DBA75 /* Main.storyboard */,
				BA1399D929237F0F000DBA75 /* Assets.xcassets */,
				BA1399E42923800F000DBA75 /* hintergrund.jpeg */,
				BA1399DB29237F0F000DBA75 /* LaunchScreen.storyboard */,
				BA1399DE29237F0F000DBA75 /* Info.plist */,
			);
			path = "Garnelen&Co";
			sourceTree = "<group>";
		};
/* End PBXGroup section */

/* Begin PBXNativeTarget section */
		BA1399CC29237F0D000DBA75 /* Garnelen&Co */ = {
			isa = PBXNativeTarget;
			buildConfigurationList = BA1399E129237F0F000DBA75 /* Build configuration list for PBXNativeTarget "Garnelen&Co" */;
			buildPhases = (
				BA1399C929237F0D000DBA75 /* Sources */,
				BA1399CA29237F0D000DBA75 /* Frameworks */,
				BA1399CB29237F0D000DBA75 /* Resources */,
			);
			buildRules = (
			);
			dependencies = (
			);
			name = "Garnelen&Co";
			productName = "Garnelen&Co";
			productReference = BA1399CD29237F0D000DBA75 /* Garnelen&Co.app */;
			productType = "com.apple.product-type.application";
		};
/* End PBXNativeTarget section */

/* Begin PBXProject section */
		BA1399C529237F0D000DBA75 /* Project object */ = {
			isa = PBXProject;
			attributes = {
				BuildIndependentTargetsInParallel = 1;
				LastSwiftUpdateCheck = 1410;
				LastUpgradeCheck = 1410;
				TargetAttributes = {
					BA1399CC29237F0D000DBA75 = {
						CreatedOnToolsVersion = 14.1;
					};
				};
			};
			buildConfigurationList = BA1399C829237F0D000DBA75 /* Build configuration list for PBXProject "Garnelen&Co" */;
			compatibilityVersion = "Xcode 14.0";
			developmentRegion = en;
			hasScannedForEncodings = 0;
			knownRegions = (
				en,
				Base,
			);
			mainGroup = BA1399C429237F0D000DBA75;
			productRefGroup = BA1399CE29237F0D000DBA75 /* Products */;
			projectDirPath = "";
			projectRoot = "";
			targets = (
				BA1399CC29237F0D000DBA75 /* Garnelen&Co */,
			);
		};
/* End PBXProject section */

/* Begin PBXResourcesBuildPhase section */
		BA1399CB29237F0D000DBA75 /* Resources */ = {
			isa = PBXResourcesBuildPhase;
			buildActionMask = 2147483647;
			files = (
				BA1399DD29237F0F000DBA75 /* LaunchScreen.storyboard in Resources */,
				BA1399DA29237F0F000DBA75 /* Assets.xcassets in Resources */,
				BA1399E52923800F000DBA75 /* hintergrund.jpeg in Resources */,
				BA1399D829237F0D000DBA75 /* Main.storyboard in Resources */,
			);
			runOnlyForDeploymentPostprocessing = 0;
		};
/* End PBXResourcesBuildPhase section */

/* Begin PBXSourcesBuildPhase section */
		BA1399C929237F0D000DBA75 /* Sources */ = {
			isa = PBXSourcesBuildPhase;
			buildActionMask = 2147483647;
			files = (
				BAE2CE2F29279CFF0002E86F /* RegestrierViewController.swift in Sources */,
				BAE2CE312927A3BC0002E86F /* ProfilViewController.swift in Sources */,
				BA1399D529237F0D000DBA75 /* LoginController.swift in Sources */,
				BA1399D129237F0D000DBA75 /* AppDelegate.swift in Sources */,
				BA9297812927C056006D0C6C /* GarnelenViewController.swift in Sources */,
				BA1399D329237F0D000DBA75 /* SceneDelegate.swift in Sources */,
			);
			runOnlyForDeploymentPostprocessing = 0;
		};
/* End PBXSourcesBuildPhase section */

/* Begin PBXVariantGroup section */
		BA1399D629237F0D000DBA75 /* Main.storyboard */ = {
			isa = PBXVariantGroup;
			children = (
				BA1399D729237F0D000DBA75 /* Base */,
			);
			name = Main.storyboard;
			sourceTree = "<group>";
		};
		BA1399DB29237F0F000DBA75 /* LaunchScreen.storyboard */ = {
			isa = PBXVariantGroup;
			children = (
				BA1399DC29237F0F000DBA75 /* Base */,
			);
			name = LaunchScreen.storyboard;
			sourceTree = "<group>";
		};
/* End PBXVariantGroup section */

/* Begin XCBuildConfiguration section */
		BA1399DF29237F0F000DBA75 /* Debug */ = {
			isa = XCBuildConfiguration;
			buildSettings = {
				ALWAYS_SEARCH_USER_PATHS = NO;
				CLANG_ANALYZER_NONNULL = YES;
				CLANG_ANALYZER_NUMBER_OBJECT_CONVERSION = YES_AGGRESSIVE;
				CLANG_CXX_LANGUAGE_STANDARD = "gnu++20";
				CLANG_ENABLE_MODULES = YES;
				CLANG_ENABLE_OBJC_ARC = YES;
				CLANG_ENABLE_OBJC_WEAK = YES;
				CLANG_WARN_BLOCK_CAPTURE_AUTORELEASING = YES;
				CLANG_WARN_BOOL_CONVERSION = YES;
				CLANG_WARN_COMMA = YES;
				CLANG_WARN_CONSTANT_CONVERSION = YES;
				CLANG_WARN_DEPRECATED_OBJC_IMPLEMENTATIONS = YES;
				CLANG_WARN_DIRECT_OBJC_ISA_USAGE = YES_ERROR;
				CLANG_WARN_DOCUMENTATION_COMMENTS = YES;
				CLANG_WARN_EMPTY_BODY = YES;
				CLANG_WARN_ENUM_CONVERSION = YES;
				CLANG_WARN_INFINITE_RECURSION = YES;
				CLANG_WARN_INT_CONVERSION = YES;
				CLANG_WARN_NON_LITERAL_NULL_CONVERSION = YES;
				CLANG_WARN_OBJC_IMPLICIT_RETAIN_SELF = YES;
				CLANG_WARN_OBJC_LITERAL_CONVERSION = YES;
				CLANG_WARN_OBJC_ROOT_CLASS = YES_ERROR;
				CLANG_WARN_QUOTED_INCLUDE_IN_FRAMEWORK_HEADER = YES;
				CLANG_WARN_RANGE_LOOP_ANALYSIS = YES;
				CLANG_WARN_STRICT_PROTOTYPES = YES;
				CLANG_WARN_SUSPICIOUS_MOVE = YES;
				CLANG_WARN_UNGUARDED_AVAILABILITY = YES_AGGRESSIVE;
				CLANG_WARN_UNREACHABLE_CODE = YES;
				CLANG_WARN__DUPLICATE_METHOD_MATCH = YES;
				COPY_PHASE_STRIP = NO;
				DEBUG_INFORMATION_FORMAT = dwarf;
				ENABLE_STRICT_OBJC_MSGSEND = YES;
				ENABLE_TESTABILITY = YES;
				GCC_C_LANGUAGE_STANDARD = gnu11;
				GCC_DYNAMIC_NO_PIC = NO;
				GCC_NO_COMMON_BLOCKS = YES;
				GCC_OPTIMIZATION_LEVEL = 0;
				GCC_PREPROCESSOR_DEFINITIONS = (
					"DEBUG=1",
					"$(inherited)",
				);
				GCC_WARN_64_TO_32_BIT_CONVERSION = YES;
				GCC_WARN_ABOUT_RETURN_TYPE = YES_ERROR;
				GCC_WARN_UNDECLARED_SELECTOR = YES;
				GCC_WARN_UNINITIALIZED_AUTOS = YES_AGGRESSIVE;
				GCC_WARN_UNUSED_FUNCTION = YES;
				GCC_WARN_UNUSED_VARIABLE = YES;
				IPHONEOS_DEPLOYMENT_TARGET = 16.1;
				MTL_ENABLE_DEBUG_INFO = INCLUDE_SOURCE;
				MTL_FAST_MATH = YES;
				ONLY_ACTIVE_ARCH = YES;
				SDKROOT = iphoneos;
				SWIFT_ACTIVE_COMPILATION_CONDITIONS = DEBUG;
				SWIFT_OPTIMIZATION_LEVEL = "-Onone";
			};
			name = Debug;
		};
		BA1399E029237F0F000DBA75 /* Release */ = {
			isa = XCBuildConfiguration;
			buildSettings = {
				ALWAYS_SEARCH_USER_PATHS = NO;
				CLANG_ANALYZER_NONNULL = YES;
				CLANG_ANALYZER_NUMBER_OBJECT_CONVERSION = YES_AGGRESSIVE;
				CLANG_CXX_LANGUAGE_STANDARD = "gnu++20";
				CLANG_ENABLE_MODULES = YES;
				CLANG_ENABLE_OBJC_ARC = YES;
				CLANG_ENABLE_OBJC_WEAK = YES;
				CLANG_WARN_BLOCK_CAPTURE_AUTORELEASING = YES;
				CLANG_WARN_BOOL_CONVERSION = YES;
				CLANG_WARN_COMMA = YES;
				CLANG_WARN_CONSTANT_CONVERSION = YES;
				CLANG_WARN_DEPRECATED_OBJC_IMPLEMENTATIONS = YES;
				CLANG_WARN_DIRECT_OBJC_ISA_USAGE = YES_ERROR;
				CLANG_WARN_DOCUMENTATION_COMMENTS = YES;
				CLANG_WARN_EMPTY_BODY = YES;
				CLANG_WARN_ENUM_CONVERSION = YES;
				CLANG_WARN_INFINITE_RECURSION = YES;
				CLANG_WARN_INT_CONVERSION = YES;
				CLANG_WARN_NON_LITERAL_NULL_CONVERSION = YES;
				CLANG_WARN_OBJC_IMPLICIT_RETAIN_SELF = YES;
				CLANG_WARN_OBJC_LITERAL_CONVERSION = YES;
				CLANG_WARN_OBJC_ROOT_CLASS = YES_ERROR;
				CLANG_WARN_QUOTED_INCLUDE_IN_FRAMEWORK_HEADER = YES;
				CLANG_WARN_RANGE_LOOP_ANALYSIS = YES;
				CLANG_WARN_STRICT_PROTOTYPES = YES;
				CLANG_WARN_SUSPICIOUS_MOVE = YES;
				CLANG_WARN_UNGUARDED_AVAILABILITY = YES_AGGRESSIVE;
				CLANG_WARN_UNREACHABLE_CODE = YES;
				CLANG_WARN__DUPLICATE_METHOD_MATCH = YES;
				COPY_PHASE_STRIP = NO;
				DEBUG_INFORMATION_FORMAT = "dwarf-with-dsym";
				ENABLE_NS_ASSERTIONS = NO;
				ENABLE_STRICT_OBJC_MSGSEND = YES;
				GCC_C_LANGUAGE_STANDARD = gnu11;
				GCC_NO_COMMON_BLOCKS = YES;
				GCC_WARN_64_TO_32_BIT_CONVERSION = YES;
				GCC_WARN_ABOUT_RETURN_TYPE = YES_ERROR;
				GCC_WARN_UNDECLARED_SELECTOR = YES;
				GCC_WARN_UNINITIALIZED_AUTOS = YES_AGGRESSIVE;
				GCC_WARN_UNUSED_FUNCTION = YES;
				GCC_WARN_UNUSED_VARIABLE = YES;
				IPHONEOS_DEPLOYMENT_TARGET = 16.1;
				MTL_ENABLE_DEBUG_INFO = NO;
				MTL_FAST_MATH = YES;
				SDKROOT = iphoneos;
				SWIFT_COMPILATION_MODE = wholemodule;
				SWIFT_OPTIMIZATION_LEVEL = "-O";
				VALIDATE_PRODUCT = YES;
			};
			name = Release;
		};
		BA1399E229237F0F000DBA75 /* Debug */ = {
			isa = XCBuildConfiguration;
			buildSettings = {
				ASSETCATALOG_COMPILER_APPICON_NAME = AppIcon;
				ASSETCATALOG_COMPILER_GLOBAL_ACCENT_COLOR_NAME = AccentColor;
				CODE_SIGN_STYLE = Automatic;
				CURRENT_PROJECT_VERSION = 1;
				DEVELOPMENT_TEAM = D2VD9LL7F5;
				GENERATE_INFOPLIST_FILE = YES;
				INFOPLIST_FILE = "Garnelen&Co/Info.plist";
				INFOPLIST_KEY_UIApplicationSupportsIndirectInputEvents = YES;
				INFOPLIST_KEY_UILaunchStoryboardName = LaunchScreen;
				INFOPLIST_KEY_UIMainStoryboardFile = Main;
				INFOPLIST_KEY_UISupportedInterfaceOrientations_iPad = "UIInterfaceOrientationPortrait UIInterfaceOrientationPortraitUpsideDown UIInterfaceOrientationLandscapeLeft UIInterfaceOrientationLandscapeRight";
				INFOPLIST_KEY_UISupportedInterfaceOrientations_iPhone = "UIInterfaceOrientationPortrait UIInterfaceOrientationLandscapeLeft UIInterfaceOrientationLandscapeRight";
				IPHONEOS_DEPLOYMENT_TARGET = 16.0;
				LD_RUNPATH_SEARCH_PATHS = (
					"$(inherited)",
					"@executable_path/Frameworks",
				);
				MARKETING_VERSION = 1.0;
				PRODUCT_BUNDLE_IDENTIFIER = "com.michaelhornung.Garnelen-Co";
				PRODUCT_NAME = "$(TARGET_NAME)";
				SWIFT_EMIT_LOC_STRINGS = YES;
				SWIFT_VERSION = 5.0;
				TARGETED_DEVICE_FAMILY = "1,2";
			};
			name = Debug;
		};
		BA1399E329237F0F000DBA75 /* Release */ = {
			isa = XCBuildConfiguration;
			buildSettings = {
				ASSETCATALOG_COMPILER_APPICON_NAME = AppIcon;
				ASSETCATALOG_COMPILER_GLOBAL_ACCENT_COLOR_NAME = AccentColor;
				CODE_SIGN_STYLE = Automatic;
				CURRENT_PROJECT_VERSION = 1;
				DEVELOPMENT_TEAM = D2VD9LL7F5;
				GENERATE_INFOPLIST_FILE = YES;
				INFOPLIST_FILE = "Garnelen&Co/Info.plist";
				INFOPLIST_KEY_UIApplicationSupportsIndirectInputEvents = YES;
				INFOPLIST_KEY_UILaunchStoryboardName = LaunchScreen;
				INFOPLIST_KEY_UIMainStoryboardFile = Main;
				INFOPLIST_KEY_UISupportedInterfaceOrientations_iPad = "UIInterfaceOrientationPortrait UIInterfaceOrientationPortraitUpsideDown UIInterfaceOrientationLandscapeLeft UIInterfaceOrientationLandscapeRight";
				INFOPLIST_KEY_UISupportedInterfaceOrientations_iPhone = "UIInterfaceOrientationPortrait UIInterfaceOrientationLandscapeLeft UIInterfaceOrientationLandscapeRight";
				IPHONEOS_DEPLOYMENT_TARGET = 16.0;
				LD_RUNPATH_SEARCH_PATHS = (
					"$(inherited)",
					"@executable_path/Frameworks",
				);
				MARKETING_VERSION = 1.0;
				PRODUCT_BUNDLE_IDENTIFIER = "com.michaelhornung.Garnelen-Co";
				PRODUCT_NAME = "$(TARGET_NAME)";
				SWIFT_EMIT_LOC_STRINGS = YES;
				SWIFT_VERSION = 5.0;
				TARGETED_DEVICE_FAMILY = "1,2";
			};
			name = Release;
		};
/* End XCBuildConfiguration section */

/* Begin XCConfigurationList section */
		BA1399C829237F0D000DBA75 /* Build configuration list for PBXProject "Garnelen&Co" */ = {
			isa = XCConfigurationList;
			buildConfigurations = (
				BA1399DF29237F0F000DBA75 /* Debug */,
				BA1399E029237F0F000DBA75 /* Release */,
			);
			defaultConfigurationIsVisible = 0;
			defaultConfigurationName = Release;
		};
		BA1399E129237F0F000DBA75 /* Build configuration list for PBXNativeTarget "Garnelen&Co" */ = {
			isa = XCConfigurationList;
			buildConfigurations = (
				BA1399E229237F0F000DBA75 /* Debug */,
				BA1399E329237F0F000DBA75 /* Release */,
			);
			defaultConfigurationIsVisible = 0;
			defaultConfigurationName = Release;
		};
/* End XCConfigurationList section */
	};
	rootObject = BA1399C529237F0D000DBA75 /* Project object */;
}
